
Microsoft Visual Studio Solution File, Format Version 12.00
# Visual Studio Version 17
VisualStudioVersion = 17.8.34408.163
MinimumVisualStudioVersion = 10.0.40219.1
Project("{FAE04EC0-301F-11D3-BF4B-00C04F79EFBC}") = "ClientTrackit", "ClientTrackit\ClientTrackit.csproj", "{BC6E5F84-BC83-4AD2-93BC-3FAC748EA93A}"
EndProject
Global
	GlobalSection(SolutionConfigurationPlatforms) = preSolution
		Debug|Any CPU = Debug|Any CPU
		Release|Any CPU = Release|Any CPU
	EndGlobalSection
	GlobalSection(ProjectConfigurationPlatforms) = postSolution
		{BC6E5F84-BC83-4AD2-93BC-3FAC748EA93A}.Debug|Any CPU.ActiveCfg = Debug|Any CPU
		{BC6E5F84-BC83-4AD2-93BC-3FAC748EA93A}.Debug|Any CPU.Build.0 = Debug|Any CPU
		{BC6E5F84-BC83-4AD2-93BC-3FAC748EA93A}.Release|Any CPU.ActiveCfg = Release|Any CPU
		{BC6E5F84-BC83-4AD2-93BC-3FAC748EA93A}.Release|Any CPU.Build.0 = Release|Any CPU
	EndGlobalSection
	GlobalSection(SolutionProperties) = preSolution
		HideSolutionNode = FALSE
	EndGlobalSection
	GlobalSection(ExtensibilityGlobals) = postSolution
		SolutionGuid = {F30378EF-1105-48E3-AD07-348F373DA944}
	EndGlobalSection
EndGlobal
